
Microsoft Visual Studio Solution File, Format Version 12.00
# Visual Studio Version 16
VisualStudioVersion = 16.0.30717.126
MinimumVisualStudioVersion = 15.0.26124.0
Project("{2150E333-8FDC-42A3-9474-1A3956D46DE8}") = "Solution Items", "Solution Items", "{F800A058-3AB3-40BF-96D6-8EDE7AAC7639}"
	ProjectSection(SolutionItems) = preProject
		Directory.Build.props = Directory.Build.props
		NuGet.config = NuGet.config
	EndProjectSection
EndProject
Project("{2150E333-8FDC-42A3-9474-1A3956D46DE8}") = "Ref", "Ref", "{945413EC-3172-43DE-935D-C693B36E87A2}"
EndProject
Project("{2150E333-8FDC-42A3-9474-1A3956D46DE8}") = "Source", "Source", "{F2E9F833-225E-427E-A0F4-58E2FC284CCB}"
EndProject
Project("{9A19103F-16F7-4668-BE54-9A1E7A4F7556}") = "Umator.Plugins.Email.Components", "Source\Umator.Plugins.Email.Components\Umator.Plugins.Email.Components.csproj", "{F0B019D9-1B89-4264-99B2-04BC4EA223AF}"
EndProject
Project("{9A19103F-16F7-4668-BE54-9A1E7A4F7556}") = "Umator.Plugins.Email.UI", "Source\Umator.Plugins.Email.UI\Umator.Plugins.Email.UI.csproj", "{955868AC-6387-4070-88F7-4B8A72919900}"
EndProject
Project("{9A19103F-16F7-4668-BE54-9A1E7A4F7556}") = "Umator.Plugins.Email", "Source\Umator.Plugins.Email\Umator.Plugins.Email.csproj", "{3A8FDA36-415C-4F11-BCD9-FF08FD4DC7BC}"
EndProject
Project("{2150E333-8FDC-42A3-9474-1A3956D46DE8}") = "Tests", "Tests", "{2E8FCF67-7A21-48B7-96AD-BDDDC513D49E}"
EndProject
Project("{9A19103F-16F7-4668-BE54-9A1E7A4F7556}") = "Umator.Plugins.Email.Tests", "Tests\Umator.Plugins.Email.Tests\Umator.Plugins.Email.Tests.csproj", "{B8BFE566-A89A-4F02-9FA6-17A78FA2E8A8}"
EndProject
Global
	GlobalSection(SolutionConfigurationPlatforms) = preSolution
		Debug|Any CPU = Debug|Any CPU
		Debug|x64 = Debug|x64
		Debug|x86 = Debug|x86
		Release|Any CPU = Release|Any CPU
		Release|x64 = Release|x64
		Release|x86 = Release|x86
	EndGlobalSection
	GlobalSection(ProjectConfigurationPlatforms) = postSolution
		{F0B019D9-1B89-4264-99B2-04BC4EA223AF}.Debug|Any CPU.ActiveCfg = Debug|Any CPU
		{F0B019D9-1B89-4264-99B2-04BC4EA223AF}.Debug|Any CPU.Build.0 = Debug|Any CPU
		{F0B019D9-1B89-4264-99B2-04BC4EA223AF}.Debug|x64.ActiveCfg = Debug|Any CPU
		{F0B019D9-1B89-4264-99B2-04BC4EA223AF}.Debug|x64.Build.0 = Debug|Any CPU
		{F0B019D9-1B89-4264-99B2-04BC4EA223AF}.Debug|x86.ActiveCfg = Debug|Any CPU
		{F0B019D9-1B89-4264-99B2-04BC4EA223AF}.Debug|x86.Build.0 = Debug|Any CPU
		{F0B019D9-1B89-4264-99B2-04BC4EA223AF}.Release|Any CPU.ActiveCfg = Release|Any CPU
		{F0B019D9-1B89-4264-99B2-04BC4EA223AF}.Release|Any CPU.Build.0 = Release|Any CPU
		{F0B019D9-1B89-4264-99B2-04BC4EA223AF}.Release|x64.ActiveCfg = Release|Any CPU
		{F0B019D9-1B89-4264-99B2-04BC4EA223AF}.Release|x64.Build.0 = Release|Any CPU
		{F0B019D9-1B89-4264-99B2-04BC4EA223AF}.Release|x86.ActiveCfg = Release|Any CPU
		{F0B019D9-1B89-4264-99B2-04BC4EA223AF}.Release|x86.Build.0 = Release|Any CPU
		{955868AC-6387-4070-88F7-4B8A72919900}.Debug|Any CPU.ActiveCfg = Debug|Any CPU
		{955868AC-6387-4070-88F7-4B8A72919900}.Debug|Any CPU.Build.0 = Debug|Any CPU
		{955868AC-6387-4070-88F7-4B8A72919900}.Debug|x64.ActiveCfg = Debug|Any CPU
		{955868AC-6387-4070-88F7-4B8A72919900}.Debug|x64.Build.0 = Debug|Any CPU
		{955868AC-6387-4070-88F7-4B8A72919900}.Debug|x86.ActiveCfg = Debug|Any CPU
		{955868AC-6387-4070-88F7-4B8A72919900}.Debug|x86.Build.0 = Debug|Any CPU
		{955868AC-6387-4070-88F7-4B8A72919900}.Release|Any CPU.ActiveCfg = Release|Any CPU
		{955868AC-6387-4070-88F7-4B8A72919900}.Release|Any CPU.Build.0 = Release|Any CPU
		{955868AC-6387-4070-88F7-4B8A72919900}.Release|x64.ActiveCfg = Release|Any CPU
		{955868AC-6387-4070-88F7-4B8A72919900}.Release|x64.Build.0 = Release|Any CPU
		{955868AC-6387-4070-88F7-4B8A72919900}.Release|x86.ActiveCfg = Release|Any CPU
		{955868AC-6387-4070-88F7-4B8A72919900}.Release|x86.Build.0 = Release|Any CPU
		{3A8FDA36-415C-4F11-BCD9-FF08FD4DC7BC}.Debug|Any CPU.ActiveCfg = Debug|Any CPU
		{3A8FDA36-415C-4F11-BCD9-FF08FD4DC7BC}.Debug|Any CPU.Build.0 = Debug|Any CPU
		{3A8FDA36-415C-4F11-BCD9-FF08FD4DC7BC}.Debug|x64.ActiveCfg = Debug|Any CPU
		{3A8FDA36-415C-4F11-BCD9-FF08FD4DC7BC}.Debug|x64.Build.0 = Debug|Any CPU
		{3A8FDA36-415C-4F11-BCD9-FF08FD4DC7BC}.Debug|x86.ActiveCfg = Debug|Any CPU
		{3A8FDA36-415C-4F11-BCD9-FF08FD4DC7BC}.Debug|x86.Build.0 = Debug|Any CPU
		{3A8FDA36-415C-4F11-BCD9-FF08FD4DC7BC}.Release|Any CPU.ActiveCfg = Release|Any CPU
		{3A8FDA36-415C-4F11-BCD9-FF08FD4DC7BC}.Release|Any CPU.Build.0 = Release|Any CPU
		{3A8FDA36-415C-4F11-BCD9-FF08FD4DC7BC}.Release|x64.ActiveCfg = Release|Any CPU
		{3A8FDA36-415C-4F11-BCD9-FF08FD4DC7BC}.Release|x64.Build.0 = Release|Any CPU
		{3A8FDA36-415C-4F11-BCD9-FF08FD4DC7BC}.Release|x86.ActiveCfg = Release|Any CPU
		{3A8FDA36-415C-4F11-BCD9-FF08FD4DC7BC}.Release|x86.Build.0 = Release|Any CPU
		{B8BFE566-A89A-4F02-9FA6-17A78FA2E8A8}.Debug|Any CPU.ActiveCfg = Debug|Any CPU
		{B8BFE566-A89A-4F02-9FA6-17A78FA2E8A8}.Debug|Any CPU.Build.0 = Debug|Any CPU
		{B8BFE566-A89A-4F02-9FA6-17A78FA2E8A8}.Debug|x64.ActiveCfg = Debug|Any CPU
		{B8BFE566-A89A-4F02-9FA6-17A78FA2E8A8}.Debug|x64.Build.0 = Debug|Any CPU
		{B8BFE566-A89A-4F02-9FA6-17A78FA2E8A8}.Debug|x86.ActiveCfg = Debug|Any CPU
		{B8BFE566-A89A-4F02-9FA6-17A78FA2E8A8}.Debug|x86.Build.0 = Debug|Any CPU
		{B8BFE566-A89A-4F02-9FA6-17A78FA2E8A8}.Release|Any CPU.ActiveCfg = Release|Any CPU
		{B8BFE566-A89A-4F02-9FA6-17A78FA2E8A8}.Release|Any CPU.Build.0 = Release|Any CPU
		{B8BFE566-A89A-4F02-9FA6-17A78FA2E8A8}.Release|x64.ActiveCfg = Release|Any CPU
		{B8BFE566-A89A-4F02-9FA6-17A78FA2E8A8}.Release|x64.Build.0 = Release|Any CPU
		{B8BFE566-A89A-4F02-9FA6-17A78FA2E8A8}.Release|x86.ActiveCfg = Release|Any CPU
		{B8BFE566-A89A-4F02-9FA6-17A78FA2E8A8}.Release|x86.Build.0 = Release|Any CPU
	EndGlobalSection
	GlobalSection(SolutionProperties) = preSolution
		HideSolutionNode = FALSE
	EndGlobalSection
	GlobalSection(NestedProjects) = preSolution
		{F0B019D9-1B89-4264-99B2-04BC4EA223AF} = {F2E9F833-225E-427E-A0F4-58E2FC284CCB}
		{955868AC-6387-4070-88F7-4B8A72919900} = {F2E9F833-225E-427E-A0F4-58E2FC284CCB}
		{3A8FDA36-415C-4F11-BCD9-FF08FD4DC7BC} = {F2E9F833-225E-427E-A0F4-58E2FC284CCB}
		{B8BFE566-A89A-4F02-9FA6-17A78FA2E8A8} = {2E8FCF67-7A21-48B7-96AD-BDDDC513D49E}
	EndGlobalSection
	GlobalSection(ExtensibilityGlobals) = postSolution
		SolutionGuid = {C44ADDE7-3E11-4FA6-A239-33432B988416}
	EndGlobalSection
EndGlobal
